
Microsoft Visual Studio Solution File, Format Version 12.00
# Visual Studio Version 17
VisualStudioVersion = 17.0.32014.148
MinimumVisualStudioVersion = 10.0.40219.1
Project("{FAE04EC0-301F-11D3-BF4B-00C04F79EFBC}") = "LibreriaVaxi", "LibreriaVaxi\LibreriaVaxi.csproj", "{8DC37DFD-AFB3-4F63-ACD4-0A45079F40F8}"
EndProject
Project("{FAE04EC0-301F-11D3-BF4B-00C04F79EFBC}") = "LibreriaVaxiMSTest", "LibreriaVaxiMSTest\LibreriaVaxiMSTest.csproj", "{2569C3E8-BDBE-4718-BDE6-9C04CC7C019F}"
EndProject
Project("{FAE04EC0-301F-11D3-BF4B-00C04F79EFBC}") = "LibreriaVaxiNUnitTest", "LibreriaVaxiNUnitTest\LibreriaVaxiNUnitTest.csproj", "{6AF635AE-6CCC-471F-B8E7-D1B746BD804B}"
EndProject
Global
	GlobalSection(SolutionConfigurationPlatforms) = preSolution
		Debug|Any CPU = Debug|Any CPU
		Release|Any CPU = Release|Any CPU
	EndGlobalSection
	GlobalSection(ProjectConfigurationPlatforms) = postSolution
		{8DC37DFD-AFB3-4F63-ACD4-0A45079F40F8}.Debug|Any CPU.ActiveCfg = Debug|Any CPU
		{8DC37DFD-AFB3-4F63-ACD4-0A45079F40F8}.Debug|Any CPU.Build.0 = Debug|Any CPU
		{8DC37DFD-AFB3-4F63-ACD4-0A45079F40F8}.Release|Any CPU.ActiveCfg = Release|Any CPU
		{8DC37DFD-AFB3-4F63-ACD4-0A45079F40F8}.Release|Any CPU.Build.0 = Release|Any CPU
		{2569C3E8-BDBE-4718-BDE6-9C04CC7C019F}.Debug|Any CPU.ActiveCfg = Debug|Any CPU
		{2569C3E8-BDBE-4718-BDE6-9C04CC7C019F}.Debug|Any CPU.Build.0 = Debug|Any CPU
		{2569C3E8-BDBE-4718-BDE6-9C04CC7C019F}.Release|Any CPU.ActiveCfg = Release|Any CPU
		{2569C3E8-BDBE-4718-BDE6-9C04CC7C019F}.Release|Any CPU.Build.0 = Release|Any CPU
		{6AF635AE-6CCC-471F-B8E7-D1B746BD804B}.Debug|Any CPU.ActiveCfg = Debug|Any CPU
		{6AF635AE-6CCC-471F-B8E7-D1B746BD804B}.Debug|Any CPU.Build.0 = Debug|Any CPU
		{6AF635AE-6CCC-471F-B8E7-D1B746BD804B}.Release|Any CPU.ActiveCfg = Release|Any CPU
		{6AF635AE-6CCC-471F-B8E7-D1B746BD804B}.Release|Any CPU.Build.0 = Release|Any CPU
	EndGlobalSection
	GlobalSection(SolutionProperties) = preSolution
		HideSolutionNode = FALSE
	EndGlobalSection
	GlobalSection(ExtensibilityGlobals) = postSolution
		SolutionGuid = {BCEA630F-5F35-4636-B1B7-F892CC98A6DD}
	EndGlobalSection
EndGlobal
